{
  "version": "4",
  "specifiers": {
    "jsr:@b-fuze/deno-dom@*": "0.1.48",
    "jsr:@b-fuze/deno-dom@~0.1.48": "0.1.48",
    "jsr:@denosaurs/plug@1.0.3": "1.0.3",
    "jsr:@std/assert@~0.213.1": "0.213.1",
    "jsr:@std/bytes@^1.0.2": "1.0.4",
    "jsr:@std/bytes@^1.0.3": "1.0.4",
    "jsr:@std/encoding@0.213.1": "0.213.1",
    "jsr:@std/fmt@0.213.1": "0.213.1",
    "jsr:@std/fs@*": "1.0.6",
    "jsr:@std/fs@0.213.1": "0.213.1",
    "jsr:@std/fs@^1.0.6": "1.0.6",
    "jsr:@std/io@0.225": "0.225.0",
    "jsr:@std/path@0.213.1": "0.213.1",
    "jsr:@std/path@^1.0.8": "1.0.8",
    "jsr:@std/path@~0.213.1": "0.213.1",
    "jsr:@std/streams@*": "1.0.8",
    "npm:@jsr/std__streams@^1.0.8": "1.0.8",
    "npm:zod@*": "3.23.8",
    "npm:zod@^3.23.8": "3.23.8"
  },
  "jsr": {
    "@b-fuze/deno-dom@0.1.48": {
      "integrity": "bf5b591aef2e9e9c59adfcbb93a9ecd45bab5b7c8263625beafa5c8f1662e7da",
      "dependencies": [
        "jsr:@denosaurs/plug"
      ]
    },
    "@denosaurs/plug@1.0.3": {
      "integrity": "b010544e386bea0ff3a1d05e0c88f704ea28cbd4d753439c2f1ee021a85d4640",
      "dependencies": [
        "jsr:@std/encoding",
        "jsr:@std/fmt",
        "jsr:@std/fs@0.213.1",
        "jsr:@std/path@0.213.1"
      ]
    },
    "@std/assert@0.213.1": {
      "integrity": "24c28178b30c8e0782c18e8e94ea72b16282207569cdd10ffb9d1d26f2edebfe"
    },
    "@std/bytes@1.0.4": {
      "integrity": "11a0debe522707c95c7b7ef89b478c13fb1583a7cfb9a85674cd2cc2e3a28abc"
    },
    "@std/encoding@0.213.1": {
      "integrity": "fcbb6928713dde941a18ca5db88ca1544d0755ec8fb20fe61e2dc8144b390c62"
    },
    "@std/fmt@0.213.1": {
      "integrity": "a06d31777566d874b9c856c10244ac3e6b660bdec4c82506cd46be052a1082c3"
    },
    "@std/fs@0.213.1": {
      "integrity": "fbcaf099f8a85c27ab0712b666262cda8fe6d02e9937bf9313ecaea39a22c501",
      "dependencies": [
        "jsr:@std/assert",
        "jsr:@std/path@~0.213.1"
      ]
    },
    "@std/fs@1.0.6": {
      "integrity": "42b56e1e41b75583a21d5a37f6a6a27de9f510bcd36c0c85791d685ca0b85fa2",
      "dependencies": [
        "jsr:@std/path@^1.0.8"
      ]
    },
    "@std/io@0.225.0": {
      "integrity": "c1db7c5e5a231629b32d64b9a53139445b2ca640d828c26bf23e1c55f8c079b3",
      "dependencies": [
        "jsr:@std/bytes@^1.0.2"
      ]
    },
    "@std/path@0.213.1": {
      "integrity": "f187bf278a172752e02fcbacf6bd78a335ed320d080a7ed3a5a59c3e88abc673",
      "dependencies": [
        "jsr:@std/assert"
      ]
    },
    "@std/path@1.0.8": {
      "integrity": "548fa456bb6a04d3c1a1e7477986b6cffbce95102d0bb447c67c4ee70e0364be"
    },
    "@std/streams@1.0.8": {
      "integrity": "b41332d93d2cf6a82fe4ac2153b930adf1a859392931e2a19d9fabfb6f154fb3"
    }
  },
  "npm": {
    "@jsr/std__bytes@1.0.4": {
      "integrity": "sha512-3RJxZsSHd9AhTIbJDYDigSTlElYkkU/NilUHtgLGxlXgNPxmb+wapntsxmgqQACsykhdCOUSW9SH/NinTBJ/XQ=="
    },
    "@jsr/std__streams@1.0.8": {
      "integrity": "sha512-CTpO3/SIGGsA8i4qWmplPiUxJKxtZ6bx4A7piYioFlt5BDUf1fUtNs/120NPEW0b97I8Z+nolCx5SdY32sNOfw==",
      "dependencies": [
        "@jsr/std__bytes"
      ]
    },
    "zod@3.23.8": {
      "integrity": "sha512-XBx9AXhXktjUqnepgTiE5flcKIYWi/rme0Eaj+5Y0lftuGBq+jyRu/md4WnuxqgP1ubdpNCsYEYPxrzVHD8d6g=="
    }
  },
  "redirects": {
    "https://deno.land/std/io/buffer.ts": "https://deno.land/std@0.224.0/io/buffer.ts"
  },
  "remote": {
    "https://deno.land/std@0.224.0/assert/assert.ts": "09d30564c09de846855b7b071e62b5974b001bb72a4b797958fe0660e7849834",
    "https://deno.land/std@0.224.0/assert/assertion_error.ts": "ba8752bd27ebc51f723702fac2f54d3e94447598f54264a6653d6413738a8917",
    "https://deno.land/std@0.224.0/bytes/copy.ts": "08d85062240a7223e6ec4e2af193ad1a50c59a43f0d86ac3a7b16f3e0d77c028",
    "https://deno.land/std@0.224.0/io/buffer.ts": "4d1f805f350433e418002accec798bc6c33ce18f614afa65f987c202d7b2234e"
  },
  "workspace": {
    "dependencies": [
      "jsr:@b-fuze/deno-dom@~0.1.48",
      "jsr:@std/fs@^1.0.6",
      "jsr:@std/io@0.225",
      "npm:@jsr/std__streams@^1.0.8",
      "npm:zod@^3.23.8"
    ],
    "packageJson": {
      "dependencies": [
        "npm:@jsr/std__streams@^1.0.8"
      ]
    }
  }
}
